
Microsoft Visual Studio Solution File, Format Version 12.00
# Visual Studio Version 17
VisualStudioVersion = 17.14.36202.13 d17.14
MinimumVisualStudioVersion = 10.0.40219.1
Project("{FAE04EC0-301F-11D3-BF4B-00C04F79EFBC}") = "AppLogger", "AppLogger.csproj", "{10682CC1-A9FE-46DC-9AF1-FB2849F58CEE}"
EndProject
Global
	GlobalSection(SolutionConfigurationPlatforms) = preSolution
		Debug|Any CPU = Debug|Any CPU
		Release|Any CPU = Release|Any CPU
	EndGlobalSection
	GlobalSection(ProjectConfigurationPlatforms) = postSolution
		{10682CC1-A9FE-46DC-9AF1-FB2849F58CEE}.Debug|Any CPU.ActiveCfg = Debug|Any CPU
		{10682CC1-A9FE-46DC-9AF1-FB2849F58CEE}.Debug|Any CPU.Build.0 = Debug|Any CPU
		{10682CC1-A9FE-46DC-9AF1-FB2849F58CEE}.Release|Any CPU.ActiveCfg = Release|Any CPU
		{10682CC1-A9FE-46DC-9AF1-FB2849F58CEE}.Release|Any CPU.Build.0 = Release|Any CPU
	EndGlobalSection
	GlobalSection(SolutionProperties) = preSolution
		HideSolutionNode = FALSE
	EndGlobalSection
	GlobalSection(ExtensibilityGlobals) = postSolution
		SolutionGuid = {FD0749CF-D63F-4578-BD13-406E5C1DACAE}
	EndGlobalSection
EndGlobal
